<?xml version="1.0" encoding="utf-8"?>
<Project ToolsVersion="4.0" xmlns="http://schemas.microsoft.com/developer/msbuild/2003">
  <ItemGroup>
    <Filter Include="Source Files">
      <UniqueIdentifier>{4FC737F1-C7A5-4376-A066-2A32D752A2FF}</UniqueIdentifier>
      <Extensions>cpp;c;cc;cxx;c++;cppm;ixx;def;odl;idl;hpj;bat;asm;asmx</Extensions>
    </Filter>
    <Filter Include="Header Files">
      <UniqueIdentifier>{93995380-89BD-4b04-88EB-625FBE52EBFB}</UniqueIdentifier>
      <Extensions>h;hh;hpp;hxx;h++;hm;inl;inc;ipp;xsd</Extensions>
    </Filter>
    <Filter Include="Resource Files">
      <UniqueIdentifier>{67DA6AB6-F800-4c08-8B7A-83BB121AAD01}</UniqueIdentifier>
      <Extensions>rc;ico;cur;bmp;dlg;rc2;rct;bin;rgs;gif;jpg;jpeg;jpe;resx;tiff;tif;png;wav;mfcribbon-ms</Extensions>
    </Filter>
    <Filter Include="Assets">
      <UniqueIdentifier>{28d091e5-9fd8-4a69-a46a-a6c627336c2c}</UniqueIdentifier>
    </Filter>
    <Filter Include="Header Files\Engine">
      <UniqueIdentifier>{20d650ee-5690-4bab-9042-ce209acbffcf}</UniqueIdentifier>
    </Filter>
    <Filter Include="Header Files\Game">
      <UniqueIdentifier>{db76b368-fdf0-43b8-bc1e-c555f689274a}</UniqueIdentifier>
    </Filter>
    <Filter Include="Source Files\Engine">
      <UniqueIdentifier>{53eacbd4-0db5-4389-b14c-68db51e412e3}</UniqueIdentifier>
    </Filter>
    <Filter Include="Source Files\Game">
      <UniqueIdentifier>{a196872c-7052-4b37-9b3e-956d4d4deae8}</UniqueIdentifier>
    </Filter>
  </ItemGroup>
  <ItemGroup>
    <ClCompile Include="engine\Animation.cpp">
      <Filter>Source Files\Engine</Filter>
    </ClCompile>
    <ClCompile Include="engine\AssetManager.cpp">
      <Filter>Source Files\Engine</Filter>
    </ClCompile>
    <ClCompile Include="engine\basics.cpp">
      <Filter>Source Files\Engine</Filter>
    </ClCompile>
    <ClCompile Include="engine\common.cpp">
      <Filter>Source Files\Engine</Filter>
    </ClCompile>
    <ClCompile Include="engine\Sprite.cpp">
      <Filter>Source Files\Engine</Filter>
    </ClCompile>
    <ClCompile Include="engine\Texture.cpp">
      <Filter>Source Files\Engine</Filter>
    </ClCompile>
    <ClCompile Include="engine\UI.cpp">
      <Filter>Source Files\Engine</Filter>
    </ClCompile>
    <ClCompile Include="game\Balls.cpp">
      <Filter>Source Files\Game</Filter>
    </ClCompile>
    <ClCompile Include="game\Player.cpp">
      <Filter>Source Files\Game</Filter>
    </ClCompile>
    <ClCompile Include="main.cpp">
      <Filter>Source Files</Filter>
    </ClCompile>
    <ClCompile Include="engine\Engine.cpp">
      <Filter>Source Files\Engine</Filter>
    </ClCompile>
  </ItemGroup>
  <ItemGroup>
    <ClInclude Include="engine\Animation.h">
      <Filter>Header Files\Engine</Filter>
    </ClInclude>
    <ClInclude Include="engine\AssetManager.h">
      <Filter>Header Files\Engine</Filter>
    </ClInclude>
    <ClInclude Include="engine\basics.h">
      <Filter>Header Files\Engine</Filter>
    </ClInclude>
    <ClInclude Include="engine\common.h">
      <Filter>Header Files\Engine</Filter>
    </ClInclude>
    <ClInclude Include="engine\Sprite.h">
      <Filter>Header Files\Engine</Filter>
    </ClInclude>
    <ClInclude Include="engine\Texture.h">
      <Filter>Header Files\Engine</Filter>
    </ClInclude>
    <ClInclude Include="engine\UI.h">
      <Filter>Header Files\Engine</Filter>
    </ClInclude>
    <ClInclude Include="game\Balls.h">
      <Filter>Header Files\Game</Filter>
    </ClInclude>
    <ClInclude Include="game\GameState.h">
      <Filter>Header Files\Game</Filter>
    </ClInclude>
    <ClInclude Include="game\Level.h">
      <Filter>Header Files\Game</Filter>
    </ClInclude>
    <ClInclude Include="game\Player.h">
      <Filter>Header Files\Game</Filter>
    </ClInclude>
    <ClInclude Include="engine\EventHandler.h">
      <Filter>Header Files\Engine</Filter>
    </ClInclude>
    <ClInclude Include="engine\Engine.h">
      <Filter>Header Files\Engine</Filter>
    </ClInclude>
  </ItemGroup>
  <ItemGroup>
    <Image Include="Assets\player_action.png">
      <Filter>Assets</Filter>
    </Image>
    <Image Include="Assets\player_normal.png">
      <Filter>Assets</Filter>
    </Image>
    <Image Include="Assets\ball_red.png">
      <Filter>Assets</Filter>
    </Image>
    <Image Include="Assets\ball_blue.png">
      <Filter>Assets</Filter>
    </Image>
    <Image Include="Assets\ball_gray.png">
      <Filter>Assets</Filter>
    </Image>
    <Image Include="Assets\ball_green.png">
      <Filter>Assets</Filter>
    </Image>
    <Image Include="Assets\ball_purple.png">
      <Filter>Assets</Filter>
    </Image>
    <Image Include="Assets\ball_yellow.png">
      <Filter>Assets</Filter>
    </Image>
  </ItemGroup>
</Project>